
Microsoft Visual Studio Solution File, Format Version 12.00
# Visual Studio Version 17
VisualStudioVersion = 17.11.35327.3
MinimumVisualStudioVersion = 10.0.40219.1
Project("{FAE04EC0-301F-11D3-BF4B-00C04F79EFBC}") = "WebApplication5", "WebApplication5\WebApplication5.csproj", "{921B4F2C-CB1B-4B0E-A5D3-E9D3F0AE3F50}"
EndProject
Global
	GlobalSection(SolutionConfigurationPlatforms) = preSolution
		Debug|Any CPU = Debug|Any CPU
		Release|Any CPU = Release|Any CPU
	EndGlobalSection
	GlobalSection(ProjectConfigurationPlatforms) = postSolution
		{921B4F2C-CB1B-4B0E-A5D3-E9D3F0AE3F50}.Debug|Any CPU.ActiveCfg = Debug|Any CPU
		{921B4F2C-CB1B-4B0E-A5D3-E9D3F0AE3F50}.Debug|Any CPU.Build.0 = Debug|Any CPU
		{921B4F2C-CB1B-4B0E-A5D3-E9D3F0AE3F50}.Release|Any CPU.ActiveCfg = Release|Any CPU
		{921B4F2C-CB1B-4B0E-A5D3-E9D3F0AE3F50}.Release|Any CPU.Build.0 = Release|Any CPU
	EndGlobalSection
	GlobalSection(SolutionProperties) = preSolution
		HideSolutionNode = FALSE
	EndGlobalSection
	GlobalSection(ExtensibilityGlobals) = postSolution
		SolutionGuid = {6278FF1B-5453-4695-9E9F-04B6579B447A}
	EndGlobalSection
EndGlobal
