
Microsoft Visual Studio Solution File, Format Version 12.00
# Visual Studio Version 17
VisualStudioVersion = 17.11.35327.3
MinimumVisualStudioVersion = 10.0.40219.1
Project("{FAE04EC0-301F-11D3-BF4B-00C04F79EFBC}") = "WebApplication2", "WebApplication2\WebApplication2.csproj", "{CC3A3D64-D8A5-423F-A6D8-8662E7E02320}"
EndProject
Global
	GlobalSection(SolutionConfigurationPlatforms) = preSolution
		Debug|Any CPU = Debug|Any CPU
		Release|Any CPU = Release|Any CPU
	EndGlobalSection
	GlobalSection(ProjectConfigurationPlatforms) = postSolution
		{CC3A3D64-D8A5-423F-A6D8-8662E7E02320}.Debug|Any CPU.ActiveCfg = Debug|Any CPU
		{CC3A3D64-D8A5-423F-A6D8-8662E7E02320}.Debug|Any CPU.Build.0 = Debug|Any CPU
		{CC3A3D64-D8A5-423F-A6D8-8662E7E02320}.Release|Any CPU.ActiveCfg = Release|Any CPU
		{CC3A3D64-D8A5-423F-A6D8-8662E7E02320}.Release|Any CPU.Build.0 = Release|Any CPU
	EndGlobalSection
	GlobalSection(SolutionProperties) = preSolution
		HideSolutionNode = FALSE
	EndGlobalSection
	GlobalSection(ExtensibilityGlobals) = postSolution
		SolutionGuid = {8E01AE95-CC1F-4DDE-82F3-9F584487050C}
	EndGlobalSection
EndGlobal
