
Microsoft Visual Studio Solution File, Format Version 12.00
# Visual Studio Version 17
VisualStudioVersion = 17.11.35327.3
MinimumVisualStudioVersion = 10.0.40219.1
Project("{FAE04EC0-301F-11D3-BF4B-00C04F79EFBC}") = "WebApplication3", "WebApplication3\WebApplication3.csproj", "{71B6B29A-3ECD-4099-889F-7554C0203A4C}"
EndProject
Global
	GlobalSection(SolutionConfigurationPlatforms) = preSolution
		Debug|Any CPU = Debug|Any CPU
		Release|Any CPU = Release|Any CPU
	EndGlobalSection
	GlobalSection(ProjectConfigurationPlatforms) = postSolution
		{71B6B29A-3ECD-4099-889F-7554C0203A4C}.Debug|Any CPU.ActiveCfg = Debug|Any CPU
		{71B6B29A-3ECD-4099-889F-7554C0203A4C}.Debug|Any CPU.Build.0 = Debug|Any CPU
		{71B6B29A-3ECD-4099-889F-7554C0203A4C}.Release|Any CPU.ActiveCfg = Release|Any CPU
		{71B6B29A-3ECD-4099-889F-7554C0203A4C}.Release|Any CPU.Build.0 = Release|Any CPU
	EndGlobalSection
	GlobalSection(SolutionProperties) = preSolution
		HideSolutionNode = FALSE
	EndGlobalSection
	GlobalSection(ExtensibilityGlobals) = postSolution
		SolutionGuid = {08E320C5-9A0F-445B-9A56-A031405B591F}
	EndGlobalSection
EndGlobal
